# requirements.lock — 固化依赖精确版本
# 生成日期: 2026-07-08
# 用法: pip install -r requirements.lock

# ── Web 服务 ──
fastapi==0.136.1
uvicorn==0.46.0
websockets==16.0
python-multipart==0.0.27
sse-starlette==3.4.1

# ── HTTP 客户端 ──
httpx==0.28.1

# ── 图像处理 ──
Pillow==11.3.0

# ── 数值计算 ──
numpy==2.4.4

# ── CLI 美化 ──
rich==15.0.0

# ── SILK 音频编码 ──
pilk==0.2.4

# ── 系统监控 ──
psutil==5.9.8

# ── 核心 ──
python-dotenv==1.2.2
loguru==0.7.3
openai==1.59.6
aiosqlite==0.22.1
pydantic==2.13.3
jieba==0.42.1
pyyaml==6.0.3

# ── QQ Bot ──
qq-botpy==1.2.1

# ── 搜索 ──
duckduckgo-search==8.1.1

# ── 文档处理 ──
pdfplumber==0.11.10
python-docx==1.2.0
python-pptx==1.0.2
openpyxl==3.1.5
html2text==2025.4.15

# ── 桌面模式 ──
pywebview==6.2.1

# ── 开发/测试 ──
pytest==9.1.1
pytest-asyncio==1.4.0
ruff==0.15.20